{
  "sources": {
    "vnc": {
      "locked_version": "0.0.1"
    },
    "chef-client": {
      "locked_version": "3.0.6"
    },
    "apt": {
      "locked_version": "2.1.1"
    },
    "monit": {
      "locked_version": "0.7.1"
    },
    "postfix": {
      "locked_version": "3.0.0"
    },
    "openssh": {
      "locked_version": "1.2.2"
    },
    "ntp": {
      "locked_version": "1.4.0"
    },
    "vim": {
      "locked_version": "1.0.2"
    },
    "build-essential": {
      "locked_version": "1.4.2"
    },
    "user": {
      "locked_version": "0.3.0"
    },
    "logrotate": {
      "locked_version": "1.3.0"
    },
    "ohai": {
      "locked_version": "1.1.12"
    },
    "ruby_build": {
      "locked_version": "0.8.0"
    },
    "rvm": {
      "locked_version": "0.0.4"
    },
    "sudo": {
      "locked_version": "2.2.0"
    },
    "zsh": {
      "locked_version": "1.0.0"
    },
    "oh-my-zsh": {
      "locked_version": "0.4.2"
    },
    "collectd": {
      "locked_version": "1.0.0"
    },
    "htop": {
      "locked_version": "1.1.0"
    },
    "runit": {
      "locked_version": "1.2.0"
    },
    "rsyslog": {
      "locked_version": "1.8.0"
    },
    "imagemagick": {
      "locked_version": "0.2.2"
    },
    "nginx": {
      "locked_version": "1.8.0"
    },
    "unicorn": {
      "locked_version": "1.3.0"
    },
    "x-windows": {
      "locked_version": "0.0.3"
    },
    "gnome": {
      "locked_version": "0.0.3"
    },
    "cron": {
      "locked_version": "1.2.6"
    },
    "iptables": {
      "locked_version": "0.12.0"
    },
    "git": {
      "locked_version": "2.6.0"
    },
    "dmg": {
      "locked_version": "2.0.0"
    },
    "yum": {
      "locked_version": "2.3.2"
    },
    "windows": {
      "locked_version": "1.10.0"
    },
    "chef_handler": {
      "locked_version": "1.1.4"
    }
  }
}
